version = 1
revision = 3
requires-python = "==3.13.*"

[[package]]
name = "asgiref"
version = "3.10.0"
source = { registry = "https://pypi.org/simple" }
sdist = { url = "https://files.pythonhosted.org/packages/46/08/4dfec9b90758a59acc6be32ac82e98d1fbfc321cb5cfa410436dbacf821c/asgiref-3.10.0.tar.gz", hash = "sha256:d89f2d8cd8b56dada7d52fa7dc8075baa08fb836560710d38c292a7a3f78c04e", size = 37483, upload-time = "2025-10-05T09:15:06.557Z" }
wheels = [
    { url = "https://files.pythonhosted.org/packages/17/9c/fc2331f538fbf7eedba64b2052e99ccf9ba9d6888e2f41441ee28847004b/asgiref-3.10.0-py3-none-any.whl", hash = "sha256:aef8a81283a34d0ab31630c9b7dfe70c812c95eba78171367ca8745e88124734", size = 24050, upload-time = "2025-10-05T09:15:05.11Z" },
]

[[package]]
name = "black"
version = "25.11.0"
source = { registry = "https://pypi.org/simple" }
dependencies = [
    { name = "click" },
    { name = "mypy-extensions" },
    { name = "packaging" },
    { name = "pathspec" },
    { name = "platformdirs" },
    { name = "pytokens" },
]
sdist = { url = "https://files.pythonhosted.org/packages/8c/ad/33adf4708633d047950ff2dfdea2e215d84ac50ef95aff14a614e4b6e9b2/black-25.11.0.tar.gz", hash = "sha256:9a323ac32f5dc75ce7470501b887250be5005a01602e931a15e45593f70f6e08", size = 655669, upload-time = "2025-11-10T01:53:50.558Z" }
wheels = [
    { url = "https://files.pythonhosted.org/packages/ad/47/3378d6a2ddefe18553d1115e36aea98f4a90de53b6a3017ed861ba1bd3bc/black-25.11.0-cp313-cp313-macosx_10_13_x86_64.whl", hash = "sha256:0a1d40348b6621cc20d3d7530a5b8d67e9714906dfd7346338249ad9c6cedf2b", size = 1772446, upload-time = "2025-11-10T02:02:16.181Z" },
    { url = "https://files.pythonhosted.org/packages/ba/4b/0f00bfb3d1f7e05e25bfc7c363f54dc523bb6ba502f98f4ad3acf01ab2e4/black-25.11.0-cp313-cp313-macosx_11_0_arm64.whl", hash = "sha256:51c65d7d60bb25429ea2bf0731c32b2a2442eb4bd3b2afcb47830f0b13e58bfd", size = 1607983, upload-time = "2025-11-10T02:02:52.502Z" },
    { url = "https://files.pythonhosted.org/packages/99/fe/49b0768f8c9ae57eb74cc10a1f87b4c70453551d8ad498959721cc345cb7/black-25.11.0-cp313-cp313-manylinux2014_x86_64.manylinux_2_17_x86_64.manylinux_2_28_x86_64.whl", hash = "sha256:936c4dd07669269f40b497440159a221ee435e3fddcf668e0c05244a9be71993", size = 1682481, upload-time = "2025-11-10T01:57:12.35Z" },
    { url = "https://files.pythonhosted.org/packages/55/17/7e10ff1267bfa950cc16f0a411d457cdff79678fbb77a6c73b73a5317904/black-25.11.0-cp313-cp313-win_amd64.whl", hash = "sha256:f42c0ea7f59994490f4dccd64e6b2dd49ac57c7c84f38b8faab50f8759db245c", size = 1363869, upload-time = "2025-11-10T01:58:24.608Z" },
    { url = "https://files.pythonhosted.org/packages/00/5d/aed32636ed30a6e7f9efd6ad14e2a0b0d687ae7c8c7ec4e4a557174b895c/black-25.11.0-py3-none-any.whl", hash = "sha256:e3f562da087791e96cefcd9dda058380a442ab322a02e222add53736451f604b", size = 204918, upload-time = "2025-11-10T01:53:48.917Z" },
]

[[package]]
name = "click"
version = "8.3.0"
source = { registry = "https://pypi.org/simple" }
dependencies = [
    { name = "colorama", marker = "sys_platform == 'win32'" },
]
sdist = { url = "https://files.pythonhosted.org/packages/46/61/de6cd827efad202d7057d93e0fed9294b96952e188f7384832791c7b2254/click-8.3.0.tar.gz", hash = "sha256:e7b8232224eba16f4ebe410c25ced9f7875cb5f3263ffc93cc3e8da705e229c4", size = 276943, upload-time = "2025-09-18T17:32:23.696Z" }
wheels = [
    { url = "https://files.pythonhosted.org/packages/db/d3/9dcc0f5797f070ec8edf30fbadfb200e71d9db6b84d211e3b2085a7589a0/click-8.3.0-py3-none-any.whl", hash = "sha256:9b9f285302c6e3064f4330c05f05b81945b2a39544279343e6e7c5f27a9baddc", size = 107295, upload-time = "2025-09-18T17:32:22.42Z" },
]

[[package]]
name = "colorama"
version = "0.4.6"
source = { registry = "https://pypi.org/simple" }
sdist = { url = "https://files.pythonhosted.org/packages/d8/53/6f443c9a4a8358a93a6792e2acffb9d9d5cb0a5cfd8802644b7b1c9a02e4/colorama-0.4.6.tar.gz", hash = "sha256:08695f5cb7ed6e0531a20572697297273c47b8cae5a63ffc6d6ed5c201be6e44", size = 27697, upload-time = "2022-10-25T02:36:22.414Z" }
wheels = [
    { url = "https://files.pythonhosted.org/packages/d1/d6/3965ed04c63042e047cb6a3e6ed1a63a35087b6a609aa3a15ed8ac56c221/colorama-0.4.6-py2.py3-none-any.whl", hash = "sha256:4f1d9991f5acc0ca119f9d443620b77f9d6b33703e51011c16baf57afb285fc6", size = 25335, upload-time = "2022-10-25T02:36:20.889Z" },
]

[[package]]
name = "coverage"
version = "7.11.0"
source = { registry = "https://pypi.org/simple" }
sdist = { url = "https://files.pythonhosted.org/packages/1c/38/ee22495420457259d2f3390309505ea98f98a5eed40901cf62196abad006/coverage-7.11.0.tar.gz", hash = "sha256:167bd504ac1ca2af7ff3b81d245dfea0292c5032ebef9d66cc08a7d28c1b8050", size = 811905, upload-time = "2025-10-15T15:15:08.542Z" }
wheels = [
    { url = "https://files.pythonhosted.org/packages/60/7f/85e4dfe65e400645464b25c036a26ac226cf3a69d4a50c3934c532491cdd/coverage-7.11.0-cp313-cp313-macosx_10_13_x86_64.whl", hash = "sha256:cc3f49e65ea6e0d5d9bd60368684fe52a704d46f9e7fc413918f18d046ec40e1", size = 216129, upload-time = "2025-10-15T15:13:25.371Z" },
    { url = "https://files.pythonhosted.org/packages/96/5d/dc5fa98fea3c175caf9d360649cb1aa3715e391ab00dc78c4c66fabd7356/coverage-7.11.0-cp313-cp313-macosx_11_0_arm64.whl", hash = "sha256:f39ae2f63f37472c17b4990f794035c9890418b1b8cca75c01193f3c8d3e01be", size = 216380, upload-time = "2025-10-15T15:13:26.976Z" },
    { url = "https://files.pythonhosted.org/packages/b2/f5/3da9cc9596708273385189289c0e4d8197d37a386bdf17619013554b3447/coverage-7.11.0-cp313-cp313-manylinux1_i686.manylinux_2_28_i686.manylinux_2_5_i686.whl", hash = "sha256:7db53b5cdd2917b6eaadd0b1251cf4e7d96f4a8d24e174bdbdf2f65b5ea7994d", size = 247375, upload-time = "2025-10-15T15:13:28.923Z" },
    { url = "https://files.pythonhosted.org/packages/65/6c/f7f59c342359a235559d2bc76b0c73cfc4bac7d61bb0df210965cb1ecffd/coverage-7.11.0-cp313-cp313-manylinux1_x86_64.manylinux_2_28_x86_64.manylinux_2_5_x86_64.whl", hash = "sha256:10ad04ac3a122048688387828b4537bc9cf60c0bf4869c1e9989c46e45690b82", size = 249978, upload-time = "2025-10-15T15:13:30.525Z" },
    { url = "https://files.pythonhosted.org/packages/e7/8c/042dede2e23525e863bf1ccd2b92689692a148d8b5fd37c37899ba882645/coverage-7.11.0-cp313-cp313-manylinux2014_aarch64.manylinux_2_17_aarch64.manylinux_2_28_aarch64.whl", hash = "sha256:4036cc9c7983a2b1f2556d574d2eb2154ac6ed55114761685657e38782b23f52", size = 251253, upload-time = "2025-10-15T15:13:32.174Z" },
    { url = "https://files.pythonhosted.org/packages/7b/a9/3c58df67bfa809a7bddd786356d9c5283e45d693edb5f3f55d0986dd905a/coverage-7.11.0-cp313-cp313-manylinux_2_31_riscv64.manylinux_2_39_riscv64.whl", hash = "sha256:7ab934dd13b1c5e94b692b1e01bd87e4488cb746e3a50f798cb9464fd128374b", size = 247591, upload-time = "2025-10-15T15:13:34.147Z" },
    { url = "https://files.pythonhosted.org/packages/26/5b/c7f32efd862ee0477a18c41e4761305de6ddd2d49cdeda0c1116227570fd/coverage-7.11.0-cp313-cp313-musllinux_1_2_aarch64.whl", hash = "sha256:59a6e5a265f7cfc05f76e3bb53eca2e0dfe90f05e07e849930fecd6abb8f40b4", size = 249411, upload-time = "2025-10-15T15:13:38.425Z" },
    { url = "https://files.pythonhosted.org/packages/76/b5/78cb4f1e86c1611431c990423ec0768122905b03837e1b4c6a6f388a858b/coverage-7.11.0-cp313-cp313-musllinux_1_2_i686.whl", hash = "sha256:df01d6c4c81e15a7c88337b795bb7595a8596e92310266b5072c7e301168efbd", size = 247303, upload-time = "2025-10-15T15:13:40.464Z" },
    { url = "https://files.pythonhosted.org/packages/87/c9/23c753a8641a330f45f221286e707c427e46d0ffd1719b080cedc984ec40/coverage-7.11.0-cp313-cp313-musllinux_1_2_riscv64.whl", hash = "sha256:8c934bd088eed6174210942761e38ee81d28c46de0132ebb1801dbe36a390dcc", size = 247157, upload-time = "2025-10-15T15:13:42.087Z" },
    { url = "https://files.pythonhosted.org/packages/c5/42/6e0cc71dc8a464486e944a4fa0d85bdec031cc2969e98ed41532a98336b9/coverage-7.11.0-cp313-cp313-musllinux_1_2_x86_64.whl", hash = "sha256:5a03eaf7ec24078ad64a07f02e30060aaf22b91dedf31a6b24d0d98d2bba7f48", size = 248921, upload-time = "2025-10-15T15:13:43.715Z" },
    { url = "https://files.pythonhosted.org/packages/e8/1c/743c2ef665e6858cccb0f84377dfe3a4c25add51e8c7ef19249be92465b6/coverage-7.11.0-cp313-cp313-win32.whl", hash = "sha256:695340f698a5f56f795b2836abe6fb576e7c53d48cd155ad2f80fd24bc63a040", size = 218526, upload-time = "2025-10-15T15:13:45.336Z" },
    { url = "https://files.pythonhosted.org/packages/ff/d5/226daadfd1bf8ddbccefbd3aa3547d7b960fb48e1bdac124e2dd13a2b71a/coverage-7.11.0-cp313-cp313-win_amd64.whl", hash = "sha256:2727d47fce3ee2bac648528e41455d1b0c46395a087a229deac75e9f88ba5a05", size = 219317, upload-time = "2025-10-15T15:13:47.401Z" },
    { url = "https://files.pythonhosted.org/packages/97/54/47db81dcbe571a48a298f206183ba8a7ba79200a37cd0d9f4788fcd2af4a/coverage-7.11.0-cp313-cp313-win_arm64.whl", hash = "sha256:0efa742f431529699712b92ecdf22de8ff198df41e43aeaaadf69973eb93f17a", size = 217948, upload-time = "2025-10-15T15:13:49.096Z" },
    { url = "https://files.pythonhosted.org/packages/e5/8b/cb68425420154e7e2a82fd779a8cc01549b6fa83c2ad3679cd6c088ebd07/coverage-7.11.0-cp313-cp313t-macosx_10_13_x86_64.whl", hash = "sha256:587c38849b853b157706407e9ebdca8fd12f45869edb56defbef2daa5fb0812b", size = 216837, upload-time = "2025-10-15T15:13:51.09Z" },
    { url = "https://files.pythonhosted.org/packages/33/55/9d61b5765a025685e14659c8d07037247de6383c0385757544ffe4606475/coverage-7.11.0-cp313-cp313t-macosx_11_0_arm64.whl", hash = "sha256:b971bdefdd75096163dd4261c74be813c4508477e39ff7b92191dea19f24cd37", size = 217061, upload-time = "2025-10-15T15:13:52.747Z" },
    { url = "https://files.pythonhosted.org/packages/52/85/292459c9186d70dcec6538f06ea251bc968046922497377bf4a1dc9a71de/coverage-7.11.0-cp313-cp313t-manylinux1_i686.manylinux_2_28_i686.manylinux_2_5_i686.whl", hash = "sha256:269bfe913b7d5be12ab13a95f3a76da23cf147be7fa043933320ba5625f0a8de", size = 258398, upload-time = "2025-10-15T15:13:54.45Z" },
    { url = "https://files.pythonhosted.org/packages/1f/e2/46edd73fb8bf51446c41148d81944c54ed224854812b6ca549be25113ee0/coverage-7.11.0-cp313-cp313t-manylinux1_x86_64.manylinux_2_28_x86_64.manylinux_2_5_x86_64.whl", hash = "sha256:dadbcce51a10c07b7c72b0ce4a25e4b6dcb0c0372846afb8e5b6307a121eb99f", size = 260574, upload-time = "2025-10-15T15:13:56.145Z" },
    { url = "https://files.pythonhosted.org/packages/07/5e/1df469a19007ff82e2ca8fe509822820a31e251f80ee7344c34f6cd2ec43/coverage-7.11.0-cp313-cp313t-manylinux2014_aarch64.manylinux_2_17_aarch64.manylinux_2_28_aarch64.whl", hash = "sha256:9ed43fa22c6436f7957df036331f8fe4efa7af132054e1844918866cd228af6c", size = 262797, upload-time = "2025-10-15T15:13:58.635Z" },
    { url = "https://files.pythonhosted.org/packages/f9/50/de216b31a1434b94d9b34a964c09943c6be45069ec704bfc379d8d89a649/coverage-7.11.0-cp313-cp313t-manylinux_2_31_riscv64.manylinux_2_39_riscv64.whl", hash = "sha256:9516add7256b6713ec08359b7b05aeff8850c98d357784c7205b2e60aa2513fa", size = 257361, upload-time = "2025-10-15T15:14:00.409Z" },
    { url = "https://files.pythonhosted.org/packages/82/1e/3f9f8344a48111e152e0fd495b6fff13cc743e771a6050abf1627a7ba918/coverage-7.11.0-cp313-cp313t-musllinux_1_2_aarch64.whl", hash = "sha256:eb92e47c92fcbcdc692f428da67db33337fa213756f7adb6a011f7b5a7a20740", size = 260349, upload-time = "2025-10-15T15:14:02.188Z" },
    { url = "https://files.pythonhosted.org/packages/65/9b/3f52741f9e7d82124272f3070bbe316006a7de1bad1093f88d59bfc6c548/coverage-7.11.0-cp313-cp313t-musllinux_1_2_i686.whl", hash = "sha256:d06f4fc7acf3cabd6d74941d53329e06bab00a8fe10e4df2714f0b134bfc64ef", size = 258114, upload-time = "2025-10-15T15:14:03.907Z" },
    { url = "https://files.pythonhosted.org/packages/0b/8b/918f0e15f0365d50d3986bbd3338ca01178717ac5678301f3f547b6619e6/coverage-7.11.0-cp313-cp313t-musllinux_1_2_riscv64.whl", hash = "sha256:6fbcee1a8f056af07ecd344482f711f563a9eb1c2cad192e87df00338ec3cdb0", size = 256723, upload-time = "2025-10-15T15:14:06.324Z" },
    { url = "https://files.pythonhosted.org/packages/44/9e/7776829f82d3cf630878a7965a7d70cc6ca94f22c7d20ec4944f7148cb46/coverage-7.11.0-cp313-cp313t-musllinux_1_2_x86_64.whl", hash = "sha256:dbbf012be5f32533a490709ad597ad8a8ff80c582a95adc8d62af664e532f9ca", size = 259238, upload-time = "2025-10-15T15:14:08.002Z" },
    { url = "https://files.pythonhosted.org/packages/9a/b8/49cf253e1e7a3bedb85199b201862dd7ca4859f75b6cf25ffa7298aa0760/coverage-7.11.0-cp313-cp313t-win32.whl", hash = "sha256:cee6291bb4fed184f1c2b663606a115c743df98a537c969c3c64b49989da96c2", size = 219180, upload-time = "2025-10-15T15:14:09.786Z" },
    { url = "https://files.pythonhosted.org/packages/ac/e1/1a541703826be7ae2125a0fb7f821af5729d56bb71e946e7b933cc7a89a4/coverage-7.11.0-cp313-cp313t-win_amd64.whl", hash = "sha256:a386c1061bf98e7ea4758e4313c0ab5ecf57af341ef0f43a0bf26c2477b5c268", size = 220241, upload-time = "2025-10-15T15:14:11.471Z" },
    { url = "https://files.pythonhosted.org/packages/d5/d1/5ee0e0a08621140fd418ec4020f595b4d52d7eb429ae6a0c6542b4ba6f14/coverage-7.11.0-cp313-cp313t-win_arm64.whl", hash = "sha256:f9ea02ef40bb83823b2b04964459d281688fe173e20643870bb5d2edf68bc836", size = 218510, upload-time = "2025-10-15T15:14:13.46Z" },
    { url = "https://files.pythonhosted.org/packages/5f/04/642c1d8a448ae5ea1369eac8495740a79eb4e581a9fb0cbdce56bbf56da1/coverage-7.11.0-py3-none-any.whl", hash = "sha256:4b7589765348d78fb4e5fb6ea35d07564e387da2fc5efff62e0222971f155f68", size = 207761, upload-time = "2025-10-15T15:15:06.439Z" },
]

[[package]]
name = "django"
version = "5.2.8"
source = { registry = "https://pypi.org/simple" }
dependencies = [
    { name = "asgiref" },
    { name = "sqlparse" },
    { name = "tzdata", marker = "sys_platform == 'win32'" },
]
sdist = { url = "https://files.pythonhosted.org/packages/05/a2/933dbbb3dd9990494960f6e64aca2af4c0745b63b7113f59a822df92329e/django-5.2.8.tar.gz", hash = "sha256:23254866a5bb9a2cfa6004e8b809ec6246eba4b58a7589bc2772f1bcc8456c7f", size = 10849032, upload-time = "2025-11-05T14:07:32.778Z" }
wheels = [
    { url = "https://files.pythonhosted.org/packages/5e/3d/a035a4ee9b1d4d4beee2ae6e8e12fe6dee5514b21f62504e22efcbd9fb46/django-5.2.8-py3-none-any.whl", hash = "sha256:37e687f7bd73ddf043e2b6b97cfe02fcbb11f2dbb3adccc6a2b18c6daa054d7f", size = 8289692, upload-time = "2025-11-05T14:07:28.761Z" },
]

[[package]]
name = "django-filter"
version = "25.2"
source = { registry = "https://pypi.org/simple" }
dependencies = [
    { name = "django" },
]
sdist = { url = "https://files.pythonhosted.org/packages/2c/e4/465d2699cd388c0005fb8d6ae6709f239917c6d8790ac35719676fffdcf3/django_filter-25.2.tar.gz", hash = "sha256:760e984a931f4468d096f5541787efb8998c61217b73006163bf2f9523fe8f23", size = 143818, upload-time = "2025-10-05T09:51:31.521Z" }
wheels = [
    { url = "https://files.pythonhosted.org/packages/c1/40/6a02495c5658beb1f31eb09952d8aa12ef3c2a66342331ce3a35f7132439/django_filter-25.2-py3-none-any.whl", hash = "sha256:9c0f8609057309bba611062fe1b720b4a873652541192d232dd28970383633e3", size = 94145, upload-time = "2025-10-05T09:51:29.728Z" },
]

[[package]]
name = "django-reversion"
version = "6.0.0"
source = { registry = "https://pypi.org/simple" }
dependencies = [
    { name = "django" },
]
sdist = { url = "https://files.pythonhosted.org/packages/ad/df/5870e38067fd80b3d749de2d11a4cbd32be811d1f43eb8ab948f9f3152c4/django_reversion-6.0.0.tar.gz", hash = "sha256:cab0fd90640b2ceb37d7a897823ca72a21b960ad1d6a3b9cb4e351fabbd27d9c", size = 74528, upload-time = "2025-09-20T08:56:20.119Z" }
wheels = [
    { url = "https://files.pythonhosted.org/packages/9c/0d/7e558eb30afcdb21eca15a6ef8aa048b6089efc4599e28611275a0643260/django_reversion-6.0.0-py3-none-any.whl", hash = "sha256:0755b4b3e615254b305d01012e426e09006455d375254e5adc29572fc9edf2ab", size = 85968, upload-time = "2025-09-20T08:56:18.761Z" },
]

[[package]]
name = "djangorestframework"
version = "3.16.1"
source = { registry = "https://pypi.org/simple" }
dependencies = [
    { name = "django" },
]
sdist = { url = "https://files.pythonhosted.org/packages/8a/95/5376fe618646fde6899b3cdc85fd959716bb67542e273a76a80d9f326f27/djangorestframework-3.16.1.tar.gz", hash = "sha256:166809528b1aced0a17dc66c24492af18049f2c9420dbd0be29422029cfc3ff7", size = 1089735, upload-time = "2025-08-06T17:50:53.251Z" }
wheels = [
    { url = "https://files.pythonhosted.org/packages/b0/ce/bf8b9d3f415be4ac5588545b5fcdbbb841977db1c1d923f7568eeabe1689/djangorestframework-3.16.1-py3-none-any.whl", hash = "sha256:33a59f47fb9c85ede792cbf88bde71893bcda0667bc573f784649521f1102cec", size = 1080442, upload-time = "2025-08-06T17:50:50.667Z" },
]

[[package]]
name = "djangorestframework-simplejwt"
version = "5.5.1"
source = { registry = "https://pypi.org/simple" }
dependencies = [
    { name = "django" },
    { name = "djangorestframework" },
    { name = "pyjwt" },
]
sdist = { url = "https://files.pythonhosted.org/packages/a8/27/2874a325c11112066139769f7794afae238a07ce6adf96259f08fd37a9d7/djangorestframework_simplejwt-5.5.1.tar.gz", hash = "sha256:e72c5572f51d7803021288e2057afcbd03f17fe11d484096f40a460abc76e87f", size = 101265, upload-time = "2025-07-21T16:52:25.026Z" }
wheels = [
    { url = "https://files.pythonhosted.org/packages/60/94/fdfb7b2f0b16cd3ed4d4171c55c1c07a2d1e3b106c5978c8ad0c15b4a48b/djangorestframework_simplejwt-5.5.1-py3-none-any.whl", hash = "sha256:2c30f3707053d384e9f315d11c2daccfcb548d4faa453111ca19a542b732e469", size = 107674, upload-time = "2025-07-21T16:52:07.493Z" },
]

[[package]]
name = "et-xmlfile"
version = "2.0.0"
source = { registry = "https://pypi.org/simple" }
sdist = { url = "https://files.pythonhosted.org/packages/d3/38/af70d7ab1ae9d4da450eeec1fa3918940a5fafb9055e934af8d6eb0c2313/et_xmlfile-2.0.0.tar.gz", hash = "sha256:dab3f4764309081ce75662649be815c4c9081e88f0837825f90fd28317d4da54", size = 17234, upload-time = "2024-10-25T17:25:40.039Z" }
wheels = [
    { url = "https://files.pythonhosted.org/packages/c1/8b/5fe2cc11fee489817272089c4203e679c63b570a5aaeb18d852ae3cbba6a/et_xmlfile-2.0.0-py3-none-any.whl", hash = "sha256:7a91720bc756843502c3b7504c77b8fe44217c85c537d85037f0f536151b2caa", size = 18059, upload-time = "2024-10-25T17:25:39.051Z" },
]

[[package]]
name = "flake8"
version = "7.3.0"
source = { registry = "https://pypi.org/simple" }
dependencies = [
    { name = "mccabe" },
    { name = "pycodestyle" },
    { name = "pyflakes" },
]
sdist = { url = "https://files.pythonhosted.org/packages/9b/af/fbfe3c4b5a657d79e5c47a2827a362f9e1b763336a52f926126aa6dc7123/flake8-7.3.0.tar.gz", hash = "sha256:fe044858146b9fc69b551a4b490d69cf960fcb78ad1edcb84e7fbb1b4a8e3872", size = 48326, upload-time = "2025-06-20T19:31:35.838Z" }
wheels = [
    { url = "https://files.pythonhosted.org/packages/9f/56/13ab06b4f93ca7cac71078fbe37fcea175d3216f31f85c3168a6bbd0bb9a/flake8-7.3.0-py2.py3-none-any.whl", hash = "sha256:b9696257b9ce8beb888cdbe31cf885c90d31928fe202be0889a7cdafad32f01e", size = 57922, upload-time = "2025-06-20T19:31:34.425Z" },
]

[[package]]
name = "gestione-donatori"
version = "0.1.0"
source = { virtual = "." }
dependencies = [
    { name = "django" },
    { name = "django-filter" },
    { name = "django-reversion" },
    { name = "djangorestframework" },
    { name = "djangorestframework-simplejwt" },
    { name = "markdown" },
    { name = "openpyxl" },
    { name = "psycopg" },
    { name = "python-dotenv" },
]

[package.dev-dependencies]
deploy = [
    { name = "gunicorn" },
    { name = "uvicorn" },
    { name = "uvicorn-worker" },
]
dev = [
    { name = "black" },
    { name = "flake8" },
    { name = "isort" },
    { name = "pytest-cov" },
    { name = "pytest-django" },
]

[package.metadata]
requires-dist = [
    { name = "django", specifier = ">=5.2.5,<6" },
    { name = "django-filter", specifier = "~=25.1" },
    { name = "django-reversion", specifier = ">=5.1.0,<7" },
    { name = "djangorestframework", specifier = ">=3.16.1,<4" },
    { name = "djangorestframework-simplejwt", specifier = ">=5.5.1,<6" },
    { name = "markdown", specifier = "~=3.8" },
    { name = "openpyxl", specifier = ">=3.1.5,<4" },
    { name = "psycopg", specifier = ">=3.2.9,<4" },
    { name = "python-dotenv", specifier = ">=1.1.1,<2" },
]

[package.metadata.requires-dev]
deploy = [
    { name = "gunicorn", specifier = ">=23.0.0,<24" },
    { name = "uvicorn", specifier = ">=0.35.0,<0.39" },
    { name = "uvicorn-worker", specifier = ">=0.3.0" },
]
dev = [
    { name = "black", specifier = ">=25.1.0,<26" },
    { name = "flake8", specifier = ">=7.3.0,<8" },
    { name = "isort", specifier = ">=6.0.1,<8" },
    { name = "pytest-cov", specifier = ">=6.2.1,<8" },
    { name = "pytest-django", specifier = ">=4.11.1,<5" },
]

[[package]]
name = "gunicorn"
version = "23.0.0"
source = { registry = "https://pypi.org/simple" }
dependencies = [
    { name = "packaging" },
]
sdist = { url = "https://files.pythonhosted.org/packages/34/72/9614c465dc206155d93eff0ca20d42e1e35afc533971379482de953521a4/gunicorn-23.0.0.tar.gz", hash = "sha256:f014447a0101dc57e294f6c18ca6b40227a4c90e9bdb586042628030cba004ec", size = 375031, upload-time = "2024-08-10T20:25:27.378Z" }
wheels = [
    { url = "https://files.pythonhosted.org/packages/cb/7d/6dac2a6e1eba33ee43f318edbed4ff29151a49b5d37f080aad1e6469bca4/gunicorn-23.0.0-py3-none-any.whl", hash = "sha256:ec400d38950de4dfd418cff8328b2c8faed0edb0d517d3394e457c317908ca4d", size = 85029, upload-time = "2024-08-10T20:25:24.996Z" },
]

[[package]]
name = "h11"
version = "0.16.0"
source = { registry = "https://pypi.org/simple" }
sdist = { url = "https://files.pythonhosted.org/packages/01/ee/02a2c011bdab74c6fb3c75474d40b3052059d95df7e73351460c8588d963/h11-0.16.0.tar.gz", hash = "sha256:4e35b956cf45792e4caa5885e69fba00bdbc6ffafbfa020300e549b208ee5ff1", size = 101250, upload-time = "2025-04-24T03:35:25.427Z" }
wheels = [
    { url = "https://files.pythonhosted.org/packages/04/4b/29cac41a4d98d144bf5f6d33995617b185d14b22401f75ca86f384e87ff1/h11-0.16.0-py3-none-any.whl", hash = "sha256:63cf8bbe7522de3bf65932fda1d9c2772064ffb3dae62d55932da54b31cb6c86", size = 37515, upload-time = "2025-04-24T03:35:24.344Z" },
]

[[package]]
name = "iniconfig"
version = "2.3.0"
source = { registry = "https://pypi.org/simple" }
sdist = { url = "https://files.pythonhosted.org/packages/72/34/14ca021ce8e5dfedc35312d08ba8bf51fdd999c576889fc2c24cb97f4f10/iniconfig-2.3.0.tar.gz", hash = "sha256:c76315c77db068650d49c5b56314774a7804df16fee4402c1f19d6d15d8c4730", size = 20503, upload-time = "2025-10-18T21:55:43.219Z" }
wheels = [
    { url = "https://files.pythonhosted.org/packages/cb/b1/3846dd7f199d53cb17f49cba7e651e9ce294d8497c8c150530ed11865bb8/iniconfig-2.3.0-py3-none-any.whl", hash = "sha256:f631c04d2c48c52b84d0d0549c99ff3859c98df65b3101406327ecc7d53fbf12", size = 7484, upload-time = "2025-10-18T21:55:41.639Z" },
]

[[package]]
name = "isort"
version = "7.0.0"
source = { registry = "https://pypi.org/simple" }
sdist = { url = "https://files.pythonhosted.org/packages/63/53/4f3c058e3bace40282876f9b553343376ee687f3c35a525dc79dbd450f88/isort-7.0.0.tar.gz", hash = "sha256:5513527951aadb3ac4292a41a16cbc50dd1642432f5e8c20057d414bdafb4187", size = 805049, upload-time = "2025-10-11T13:30:59.107Z" }
wheels = [
    { url = "https://files.pythonhosted.org/packages/7f/ed/e3705d6d02b4f7aea715a353c8ce193efd0b5db13e204df895d38734c244/isort-7.0.0-py3-none-any.whl", hash = "sha256:1bcabac8bc3c36c7fb7b98a76c8abb18e0f841a3ba81decac7691008592499c1", size = 94672, upload-time = "2025-10-11T13:30:57.665Z" },
]

[[package]]
name = "markdown"
version = "3.10"
source = { registry = "https://pypi.org/simple" }
sdist = { url = "https://files.pythonhosted.org/packages/7d/ab/7dd27d9d863b3376fcf23a5a13cb5d024aed1db46f963f1b5735ae43b3be/markdown-3.10.tar.gz", hash = "sha256:37062d4f2aa4b2b6b32aefb80faa300f82cc790cb949a35b8caede34f2b68c0e", size = 364931, upload-time = "2025-11-03T19:51:15.007Z" }
wheels = [
    { url = "https://files.pythonhosted.org/packages/70/81/54e3ce63502cd085a0c556652a4e1b919c45a446bd1e5300e10c44c8c521/markdown-3.10-py3-none-any.whl", hash = "sha256:b5b99d6951e2e4948d939255596523444c0e677c669700b1d17aa4a8a464cb7c", size = 107678, upload-time = "2025-11-03T19:51:13.887Z" },
]

[[package]]
name = "mccabe"
version = "0.7.0"
source = { registry = "https://pypi.org/simple" }
sdist = { url = "https://files.pythonhosted.org/packages/e7/ff/0ffefdcac38932a54d2b5eed4e0ba8a408f215002cd178ad1df0f2806ff8/mccabe-0.7.0.tar.gz", hash = "sha256:348e0240c33b60bbdf4e523192ef919f28cb2c3d7d5c7794f74009290f236325", size = 9658, upload-time = "2022-01-24T01:14:51.113Z" }
wheels = [
    { url = "https://files.pythonhosted.org/packages/27/1a/1f68f9ba0c207934b35b86a8ca3aad8395a3d6dd7921c0686e23853ff5a9/mccabe-0.7.0-py2.py3-none-any.whl", hash = "sha256:6c2d30ab6be0e4a46919781807b4f0d834ebdd6c6e3dca0bda5a15f863427b6e", size = 7350, upload-time = "2022-01-24T01:14:49.62Z" },
]

[[package]]
name = "mypy-extensions"
version = "1.1.0"
source = { registry = "https://pypi.org/simple" }
sdist = { url = "https://files.pythonhosted.org/packages/a2/6e/371856a3fb9d31ca8dac321cda606860fa4548858c0cc45d9d1d4ca2628b/mypy_extensions-1.1.0.tar.gz", hash = "sha256:52e68efc3284861e772bbcd66823fde5ae21fd2fdb51c62a211403730b916558", size = 6343, upload-time = "2025-04-22T14:54:24.164Z" }
wheels = [
    { url = "https://files.pythonhosted.org/packages/79/7b/2c79738432f5c924bef5071f933bcc9efd0473bac3b4aa584a6f7c1c8df8/mypy_extensions-1.1.0-py3-none-any.whl", hash = "sha256:1be4cccdb0f2482337c4743e60421de3a356cd97508abadd57d47403e94f5505", size = 4963, upload-time = "2025-04-22T14:54:22.983Z" },
]

[[package]]
name = "openpyxl"
version = "3.1.5"
source = { registry = "https://pypi.org/simple" }
dependencies = [
    { name = "et-xmlfile" },
]
sdist = { url = "https://files.pythonhosted.org/packages/3d/f9/88d94a75de065ea32619465d2f77b29a0469500e99012523b91cc4141cd1/openpyxl-3.1.5.tar.gz", hash = "sha256:cf0e3cf56142039133628b5acffe8ef0c12bc902d2aadd3e0fe5878dc08d1050", size = 186464, upload-time = "2024-06-28T14:03:44.161Z" }
wheels = [
    { url = "https://files.pythonhosted.org/packages/c0/da/977ded879c29cbd04de313843e76868e6e13408a94ed6b987245dc7c8506/openpyxl-3.1.5-py2.py3-none-any.whl", hash = "sha256:5282c12b107bffeef825f4617dc029afaf41d0ea60823bbb665ef3079dc79de2", size = 250910, upload-time = "2024-06-28T14:03:41.161Z" },
]

[[package]]
name = "packaging"
version = "25.0"
source = { registry = "https://pypi.org/simple" }
sdist = { url = "https://files.pythonhosted.org/packages/a1/d4/1fc4078c65507b51b96ca8f8c3ba19e6a61c8253c72794544580a7b6c24d/packaging-25.0.tar.gz", hash = "sha256:d443872c98d677bf60f6a1f2f8c1cb748e8fe762d2bf9d3148b5599295b0fc4f", size = 165727, upload-time = "2025-04-19T11:48:59.673Z" }
wheels = [
    { url = "https://files.pythonhosted.org/packages/20/12/38679034af332785aac8774540895e234f4d07f7545804097de4b666afd8/packaging-25.0-py3-none-any.whl", hash = "sha256:29572ef2b1f17581046b3a2227d5c611fb25ec70ca1ba8554b24b0e69331a484", size = 66469, upload-time = "2025-04-19T11:48:57.875Z" },
]

[[package]]
name = "pathspec"
version = "0.12.1"
source = { registry = "https://pypi.org/simple" }
sdist = { url = "https://files.pythonhosted.org/packages/ca/bc/f35b8446f4531a7cb215605d100cd88b7ac6f44ab3fc94870c120ab3adbf/pathspec-0.12.1.tar.gz", hash = "sha256:a482d51503a1ab33b1c67a6c3813a26953dbdc71c31dacaef9a838c4e29f5712", size = 51043, upload-time = "2023-12-10T22:30:45Z" }
wheels = [
    { url = "https://files.pythonhosted.org/packages/cc/20/ff623b09d963f88bfde16306a54e12ee5ea43e9b597108672ff3a408aad6/pathspec-0.12.1-py3-none-any.whl", hash = "sha256:a0d503e138a4c123b27490a4f7beda6a01c6f288df0e4a8b79c7eb0dc7b4cc08", size = 31191, upload-time = "2023-12-10T22:30:43.14Z" },
]

[[package]]
name = "platformdirs"
version = "4.5.0"
source = { registry = "https://pypi.org/simple" }
sdist = { url = "https://files.pythonhosted.org/packages/61/33/9611380c2bdb1225fdef633e2a9610622310fed35ab11dac9620972ee088/platformdirs-4.5.0.tar.gz", hash = "sha256:70ddccdd7c99fc5942e9fc25636a8b34d04c24b335100223152c2803e4063312", size = 21632, upload-time = "2025-10-08T17:44:48.791Z" }
wheels = [
    { url = "https://files.pythonhosted.org/packages/73/cb/ac7874b3e5d58441674fb70742e6c374b28b0c7cb988d37d991cde47166c/platformdirs-4.5.0-py3-none-any.whl", hash = "sha256:e578a81bb873cbb89a41fcc904c7ef523cc18284b7e3b3ccf06aca1403b7ebd3", size = 18651, upload-time = "2025-10-08T17:44:47.223Z" },
]

[[package]]
name = "pluggy"
version = "1.6.0"
source = { registry = "https://pypi.org/simple" }
sdist = { url = "https://files.pythonhosted.org/packages/f9/e2/3e91f31a7d2b083fe6ef3fa267035b518369d9511ffab804f839851d2779/pluggy-1.6.0.tar.gz", hash = "sha256:7dcc130b76258d33b90f61b658791dede3486c3e6bfb003ee5c9bfb396dd22f3", size = 69412, upload-time = "2025-05-15T12:30:07.975Z" }
wheels = [
    { url = "https://files.pythonhosted.org/packages/54/20/4d324d65cc6d9205fabedc306948156824eb9f0ee1633355a8f7ec5c66bf/pluggy-1.6.0-py3-none-any.whl", hash = "sha256:e920276dd6813095e9377c0bc5566d94c932c33b27a3e3945d8389c374dd4746", size = 20538, upload-time = "2025-05-15T12:30:06.134Z" },
]

[[package]]
name = "psycopg"
version = "3.3.0"
source = { registry = "https://pypi.org/simple" }
dependencies = [
    { name = "tzdata", marker = "sys_platform == 'win32'" },
]
sdist = { url = "https://files.pythonhosted.org/packages/96/bd/06dc36aeda16ffff129d03d90e75fd5e24222a719adcef37cd07f1926b06/psycopg-3.3.0.tar.gz", hash = "sha256:68950107fb8979d34bfc16b61560a26afe5d8dab96617881c87dfff58221df09", size = 165593, upload-time = "2025-12-01T11:35:07.076Z" }
wheels = [
    { url = "https://files.pythonhosted.org/packages/d8/5d/3569bab5a92f33e4a1b3c3c16816718ef5cc306f55f3965a8cb630c496ac/psycopg-3.3.0-py3-none-any.whl", hash = "sha256:c9f070afeda682f6364f86cd77145f43feaf60648b2ce1f6e883e594d04cbea8", size = 212759, upload-time = "2025-12-01T11:21:15.91Z" },
]

[[package]]
name = "pycodestyle"
version = "2.14.0"
source = { registry = "https://pypi.org/simple" }
sdist = { url = "https://files.pythonhosted.org/packages/11/e0/abfd2a0d2efe47670df87f3e3a0e2edda42f055053c85361f19c0e2c1ca8/pycodestyle-2.14.0.tar.gz", hash = "sha256:c4b5b517d278089ff9d0abdec919cd97262a3367449ea1c8b49b91529167b783", size = 39472, upload-time = "2025-06-20T18:49:48.75Z" }
wheels = [
    { url = "https://files.pythonhosted.org/packages/d7/27/a58ddaf8c588a3ef080db9d0b7e0b97215cee3a45df74f3a94dbbf5c893a/pycodestyle-2.14.0-py2.py3-none-any.whl", hash = "sha256:dd6bf7cb4ee77f8e016f9c8e74a35ddd9f67e1d5fd4184d86c3b98e07099f42d", size = 31594, upload-time = "2025-06-20T18:49:47.491Z" },
]

[[package]]
name = "pyflakes"
version = "3.4.0"
source = { registry = "https://pypi.org/simple" }
sdist = { url = "https://files.pythonhosted.org/packages/45/dc/fd034dc20b4b264b3d015808458391acbf9df40b1e54750ef175d39180b1/pyflakes-3.4.0.tar.gz", hash = "sha256:b24f96fafb7d2ab0ec5075b7350b3d2d2218eab42003821c06344973d3ea2f58", size = 64669, upload-time = "2025-06-20T18:45:27.834Z" }
wheels = [
    { url = "https://files.pythonhosted.org/packages/c2/2f/81d580a0fb83baeb066698975cb14a618bdbed7720678566f1b046a95fe8/pyflakes-3.4.0-py2.py3-none-any.whl", hash = "sha256:f742a7dbd0d9cb9ea41e9a24a918996e8170c799fa528688d40dd582c8265f4f", size = 63551, upload-time = "2025-06-20T18:45:26.937Z" },
]

[[package]]
name = "pygments"
version = "2.19.2"
source = { registry = "https://pypi.org/simple" }
sdist = { url = "https://files.pythonhosted.org/packages/b0/77/a5b8c569bf593b0140bde72ea885a803b82086995367bf2037de0159d924/pygments-2.19.2.tar.gz", hash = "sha256:636cb2477cec7f8952536970bc533bc43743542f70392ae026374600add5b887", size = 4968631, upload-time = "2025-06-21T13:39:12.283Z" }
wheels = [
    { url = "https://files.pythonhosted.org/packages/c7/21/705964c7812476f378728bdf590ca4b771ec72385c533964653c68e86bdc/pygments-2.19.2-py3-none-any.whl", hash = "sha256:86540386c03d588bb81d44bc3928634ff26449851e99741617ecb9037ee5ec0b", size = 1225217, upload-time = "2025-06-21T13:39:07.939Z" },
]

[[package]]
name = "pyjwt"
version = "2.10.1"
source = { registry = "https://pypi.org/simple" }
sdist = { url = "https://files.pythonhosted.org/packages/e7/46/bd74733ff231675599650d3e47f361794b22ef3e3770998dda30d3b63726/pyjwt-2.10.1.tar.gz", hash = "sha256:3cc5772eb20009233caf06e9d8a0577824723b44e6648ee0a2aedb6cf9381953", size = 87785, upload-time = "2024-11-28T03:43:29.933Z" }
wheels = [
    { url = "https://files.pythonhosted.org/packages/61/ad/689f02752eeec26aed679477e80e632ef1b682313be70793d798c1d5fc8f/PyJWT-2.10.1-py3-none-any.whl", hash = "sha256:dcdd193e30abefd5debf142f9adfcdd2b58004e644f25406ffaebd50bd98dacb", size = 22997, upload-time = "2024-11-28T03:43:27.893Z" },
]

[[package]]
name = "pytest"
version = "8.4.2"
source = { registry = "https://pypi.org/simple" }
dependencies = [
    { name = "colorama", marker = "sys_platform == 'win32'" },
    { name = "iniconfig" },
    { name = "packaging" },
    { name = "pluggy" },
    { name = "pygments" },
]
sdist = { url = "https://files.pythonhosted.org/packages/a3/5c/00a0e072241553e1a7496d638deababa67c5058571567b92a7eaa258397c/pytest-8.4.2.tar.gz", hash = "sha256:86c0d0b93306b961d58d62a4db4879f27fe25513d4b969df351abdddb3c30e01", size = 1519618, upload-time = "2025-09-04T14:34:22.711Z" }
wheels = [
    { url = "https://files.pythonhosted.org/packages/a8/a4/20da314d277121d6534b3a980b29035dcd51e6744bd79075a6ce8fa4eb8d/pytest-8.4.2-py3-none-any.whl", hash = "sha256:872f880de3fc3a5bdc88a11b39c9710c3497a547cfa9320bc3c5e62fbf272e79", size = 365750, upload-time = "2025-09-04T14:34:20.226Z" },
]

[[package]]
name = "pytest-cov"
version = "7.0.0"
source = { registry = "https://pypi.org/simple" }
dependencies = [
    { name = "coverage" },
    { name = "pluggy" },
    { name = "pytest" },
]
sdist = { url = "https://files.pythonhosted.org/packages/5e/f7/c933acc76f5208b3b00089573cf6a2bc26dc80a8aece8f52bb7d6b1855ca/pytest_cov-7.0.0.tar.gz", hash = "sha256:33c97eda2e049a0c5298e91f519302a1334c26ac65c1a483d6206fd458361af1", size = 54328, upload-time = "2025-09-09T10:57:02.113Z" }
wheels = [
    { url = "https://files.pythonhosted.org/packages/ee/49/1377b49de7d0c1ce41292161ea0f721913fa8722c19fb9c1e3aa0367eecb/pytest_cov-7.0.0-py3-none-any.whl", hash = "sha256:3b8e9558b16cc1479da72058bdecf8073661c7f57f7d3c5f22a1c23507f2d861", size = 22424, upload-time = "2025-09-09T10:57:00.695Z" },
]

[[package]]
name = "pytest-django"
version = "4.11.1"
source = { registry = "https://pypi.org/simple" }
dependencies = [
    { name = "pytest" },
]
sdist = { url = "https://files.pythonhosted.org/packages/b1/fb/55d580352db26eb3d59ad50c64321ddfe228d3d8ac107db05387a2fadf3a/pytest_django-4.11.1.tar.gz", hash = "sha256:a949141a1ee103cb0e7a20f1451d355f83f5e4a5d07bdd4dcfdd1fd0ff227991", size = 86202, upload-time = "2025-04-03T18:56:09.338Z" }
wheels = [
    { url = "https://files.pythonhosted.org/packages/be/ac/bd0608d229ec808e51a21044f3f2f27b9a37e7a0ebaca7247882e67876af/pytest_django-4.11.1-py3-none-any.whl", hash = "sha256:1b63773f648aa3d8541000c26929c1ea63934be1cfa674c76436966d73fe6a10", size = 25281, upload-time = "2025-04-03T18:56:07.678Z" },
]

[[package]]
name = "python-dotenv"
version = "1.2.1"
source = { registry = "https://pypi.org/simple" }
sdist = { url = "https://files.pythonhosted.org/packages/f0/26/19cadc79a718c5edbec86fd4919a6b6d3f681039a2f6d66d14be94e75fb9/python_dotenv-1.2.1.tar.gz", hash = "sha256:42667e897e16ab0d66954af0e60a9caa94f0fd4ecf3aaf6d2d260eec1aa36ad6", size = 44221, upload-time = "2025-10-26T15:12:10.434Z" }
wheels = [
    { url = "https://files.pythonhosted.org/packages/14/1b/a298b06749107c305e1fe0f814c6c74aea7b2f1e10989cb30f544a1b3253/python_dotenv-1.2.1-py3-none-any.whl", hash = "sha256:b81ee9561e9ca4004139c6cbba3a238c32b03e4894671e181b671e8cb8425d61", size = 21230, upload-time = "2025-10-26T15:12:09.109Z" },
]

[[package]]
name = "pytokens"
version = "0.3.0"
source = { registry = "https://pypi.org/simple" }
sdist = { url = "https://files.pythonhosted.org/packages/4e/8d/a762be14dae1c3bf280202ba3172020b2b0b4c537f94427435f19c413b72/pytokens-0.3.0.tar.gz", hash = "sha256:2f932b14ed08de5fcf0b391ace2642f858f1394c0857202959000b68ed7a458a", size = 17644, upload-time = "2025-11-05T13:36:35.34Z" }
wheels = [
    { url = "https://files.pythonhosted.org/packages/84/25/d9db8be44e205a124f6c98bc0324b2bb149b7431c53877fc6d1038dddaf5/pytokens-0.3.0-py3-none-any.whl", hash = "sha256:95b2b5eaf832e469d141a378872480ede3f251a5a5041b8ec6e581d3ac71bbf3", size = 12195, upload-time = "2025-11-05T13:36:33.183Z" },
]

[[package]]
name = "sqlparse"
version = "0.5.3"
source = { registry = "https://pypi.org/simple" }
sdist = { url = "https://files.pythonhosted.org/packages/e5/40/edede8dd6977b0d3da179a342c198ed100dd2aba4be081861ee5911e4da4/sqlparse-0.5.3.tar.gz", hash = "sha256:09f67787f56a0b16ecdbde1bfc7f5d9c3371ca683cfeaa8e6ff60b4807ec9272", size = 84999, upload-time = "2024-12-10T12:05:30.728Z" }
wheels = [
    { url = "https://files.pythonhosted.org/packages/a9/5c/bfd6bd0bf979426d405cc6e71eceb8701b148b16c21d2dc3c261efc61c7b/sqlparse-0.5.3-py3-none-any.whl", hash = "sha256:cf2196ed3418f3ba5de6af7e82c694a9fbdbfecccdfc72e281548517081f16ca", size = 44415, upload-time = "2024-12-10T12:05:27.824Z" },
]

[[package]]
name = "tzdata"
version = "2025.2"
source = { registry = "https://pypi.org/simple" }
sdist = { url = "https://files.pythonhosted.org/packages/95/32/1a225d6164441be760d75c2c42e2780dc0873fe382da3e98a2e1e48361e5/tzdata-2025.2.tar.gz", hash = "sha256:b60a638fcc0daffadf82fe0f57e53d06bdec2f36c4df66280ae79bce6bd6f2b9", size = 196380, upload-time = "2025-03-23T13:54:43.652Z" }
wheels = [
    { url = "https://files.pythonhosted.org/packages/5c/23/c7abc0ca0a1526a0774eca151daeb8de62ec457e77262b66b359c3c7679e/tzdata-2025.2-py2.py3-none-any.whl", hash = "sha256:1a403fada01ff9221ca8044d701868fa132215d84beb92242d9acd2147f667a8", size = 347839, upload-time = "2025-03-23T13:54:41.845Z" },
]

[[package]]
name = "uvicorn"
version = "0.38.0"
source = { registry = "https://pypi.org/simple" }
dependencies = [
    { name = "click" },
    { name = "h11" },
]
sdist = { url = "https://files.pythonhosted.org/packages/cb/ce/f06b84e2697fef4688ca63bdb2fdf113ca0a3be33f94488f2cadb690b0cf/uvicorn-0.38.0.tar.gz", hash = "sha256:fd97093bdd120a2609fc0d3afe931d4d4ad688b6e75f0f929fde1bc36fe0e91d", size = 80605, upload-time = "2025-10-18T13:46:44.63Z" }
wheels = [
    { url = "https://files.pythonhosted.org/packages/ee/d9/d88e73ca598f4f6ff671fb5fde8a32925c2e08a637303a1d12883c7305fa/uvicorn-0.38.0-py3-none-any.whl", hash = "sha256:48c0afd214ceb59340075b4a052ea1ee91c16fbc2a9b1469cca0e54566977b02", size = 68109, upload-time = "2025-10-18T13:46:42.958Z" },
]

[[package]]
name = "uvicorn-worker"
version = "0.4.0"
source = { registry = "https://pypi.org/simple" }
dependencies = [
    { name = "gunicorn" },
    { name = "uvicorn" },
]
sdist = { url = "https://files.pythonhosted.org/packages/80/59/9101b9c0680fd80e9d26c07deb822a5d18a324339fcf9cd017885ee808ad/uvicorn_worker-0.4.0.tar.gz", hash = "sha256:8ee5306070d8f38dce124adce488c3c0b50f20cf0c0222b12c66188da7214493", size = 9361, upload-time = "2025-09-20T10:47:01.218Z" }
wheels = [
    { url = "https://files.pythonhosted.org/packages/90/25/09cd7a90c8bb7fb693be0d6704fccd5f9778d5513214b7a01cc4a94ff314/uvicorn_worker-0.4.0-py3-none-any.whl", hash = "sha256:e2ed952cef976f5e9e429d7269640bbcafbd36c80aa80f1003c8c77a6797abde", size = 5364, upload-time = "2025-09-20T10:46:59.776Z" },
]
